{
  "name": "consumer",
  "version": "0.21.1",
  "lockfileVersion": 3,
  "requires": true,
  "packages": {
    "": {
      "name": "consumer",
      "version": "0.21.1"
    },
    "node_modules/test": {
      "version": "0.0.1"
    },
    "node_modules/other": {
      "version": "1.0.0"
    }
  },
  "dependencies": {
    "test": {
      "version": "0.0.1"
    }
  }
}
